{
  "requires": true,
  "lockfileVersion": 1,
  "dependencies": {
    "basicscroll": {
      "version": "3.0.2",
      "resolved": "https://registry.npmjs.org/basicscroll/-/basicscroll-3.0.2.tgz",
      "integrity": "sha512-xMSBINspbWYZ3tMCqjSxTWDKWPgvje2f2Ob+bGJ2qTOfinZzIsLbWOdwT7b1q0irtqp2eqzdqGMuqAFceM0muw==",
      "requires": {
        "eases": "^1.0.8",
        "parse-unit": "^1.0.1"
      }
    },
    "eases": {
      "version": "1.0.8",
      "resolved": "https://registry.npmjs.org/eases/-/eases-1.0.8.tgz",
      "integrity": "sha1-8fUGmmtu0upRD5xhEDmNY+/pruY="
    },
    "parse-unit": {
      "version": "1.0.1",
      "resolved": "https://registry.npmjs.org/parse-unit/-/parse-unit-1.0.1.tgz",
      "integrity": "sha1-fhu21b7zh0wo45JSaiVBFwKR7s8="
    }
  }
}
